
Microsoft Visual Studio Solution File, Format Version 12.00
# Visual Studio Version 17
VisualStudioVersion = 17.14.36109.1
MinimumVisualStudioVersion = 10.0.40219.1
Project("{FAE04EC0-301F-11D3-BF4B-00C04F79EFBC}") = "Aloha.AppHost", "Aloha\Aloha.AppHost\Aloha.AppHost.csproj", "{79ADF085-B081-4C80-A21D-32B26AED93A9}"
EndProject
Project("{FAE04EC0-301F-11D3-BF4B-00C04F79EFBC}") = "Aloha.ServiceDefaults", "Aloha\Aloha.ServiceDefaults\Aloha.ServiceDefaults.csproj", "{543C54EB-2A61-BE17-E078-B4A9CAA4744E}"
EndProject
Project("{FAE04EC0-301F-11D3-BF4B-00C04F79EFBC}") = "Aloha.API", "Aloha.API\Aloha.API.csproj", "{DA828420-51EF-5A48-73CC-D9D47B559223}"
EndProject
Project("{FAE04EC0-301F-11D3-BF4B-00C04F79EFBC}") = "Aloha.ApiGateway", "Aloha.ApiGateway\Aloha.ApiGateway.csproj", "{867395F9-EFB0-5ABE-BF42-C4C4DCF7E8B4}"
EndProject
Global
	GlobalSection(SolutionConfigurationPlatforms) = preSolution
		Debug|Any CPU = Debug|Any CPU
		Release|Any CPU = Release|Any CPU
	EndGlobalSection
	GlobalSection(ProjectConfigurationPlatforms) = postSolution
		{79ADF085-B081-4C80-A21D-32B26AED93A9}.Debug|Any CPU.ActiveCfg = Debug|Any CPU
		{79ADF085-B081-4C80-A21D-32B26AED93A9}.Debug|Any CPU.Build.0 = Debug|Any CPU
		{79ADF085-B081-4C80-A21D-32B26AED93A9}.Release|Any CPU.ActiveCfg = Release|Any CPU
		{79ADF085-B081-4C80-A21D-32B26AED93A9}.Release|Any CPU.Build.0 = Release|Any CPU
		{543C54EB-2A61-BE17-E078-B4A9CAA4744E}.Debug|Any CPU.ActiveCfg = Debug|Any CPU
		{543C54EB-2A61-BE17-E078-B4A9CAA4744E}.Debug|Any CPU.Build.0 = Debug|Any CPU
		{543C54EB-2A61-BE17-E078-B4A9CAA4744E}.Release|Any CPU.ActiveCfg = Release|Any CPU
		{543C54EB-2A61-BE17-E078-B4A9CAA4744E}.Release|Any CPU.Build.0 = Release|Any CPU
		{DA828420-51EF-5A48-73CC-D9D47B559223}.Debug|Any CPU.ActiveCfg = Debug|Any CPU
		{DA828420-51EF-5A48-73CC-D9D47B559223}.Debug|Any CPU.Build.0 = Debug|Any CPU
		{DA828420-51EF-5A48-73CC-D9D47B559223}.Release|Any CPU.ActiveCfg = Release|Any CPU
		{DA828420-51EF-5A48-73CC-D9D47B559223}.Release|Any CPU.Build.0 = Release|Any CPU
		{867395F9-EFB0-5ABE-BF42-C4C4DCF7E8B4}.Debug|Any CPU.ActiveCfg = Debug|Any CPU
		{867395F9-EFB0-5ABE-BF42-C4C4DCF7E8B4}.Debug|Any CPU.Build.0 = Debug|Any CPU
		{867395F9-EFB0-5ABE-BF42-C4C4DCF7E8B4}.Release|Any CPU.ActiveCfg = Release|Any CPU
		{867395F9-EFB0-5ABE-BF42-C4C4DCF7E8B4}.Release|Any CPU.Build.0 = Release|Any CPU
	EndGlobalSection
	GlobalSection(SolutionProperties) = preSolution
		HideSolutionNode = FALSE
	EndGlobalSection
	GlobalSection(ExtensibilityGlobals) = postSolution
		SolutionGuid = {7FF8D2F3-83B0-4E27-BEA5-2541CA8F9170}
	EndGlobalSection
EndGlobal
