Microsoft Visual Studio Solution File, Format Version 12.00
# Visual Studio Version 17
VisualStudioVersion = 17.5.2.0
MinimumVisualStudioVersion = 10.0.40219.1
Project("{FAE04EC0-301F-11D3-BF4B-00C04F79EFBC}") = "Aloha.MicroService.Payment", "Aloha.MicroService.Payment.csproj", "{0C2436CE-4DA3-7707-0F25-E67408B18D69}"
EndProject
Global
	GlobalSection(SolutionConfigurationPlatforms) = preSolution
		Debug|Any CPU = Debug|Any CPU
		Release|Any CPU = Release|Any CPU
	EndGlobalSection
	GlobalSection(ProjectConfigurationPlatforms) = postSolution
		{0C2436CE-4DA3-7707-0F25-E67408B18D69}.Debug|Any CPU.ActiveCfg = Debug|Any CPU
		{0C2436CE-4DA3-7707-0F25-E67408B18D69}.Debug|Any CPU.Build.0 = Debug|Any CPU
		{0C2436CE-4DA3-7707-0F25-E67408B18D69}.Release|Any CPU.ActiveCfg = Release|Any CPU
		{0C2436CE-4DA3-7707-0F25-E67408B18D69}.Release|Any CPU.Build.0 = Release|Any CPU
	EndGlobalSection
	GlobalSection(SolutionProperties) = preSolution
		HideSolutionNode = FALSE
	EndGlobalSection
	GlobalSection(ExtensibilityGlobals) = postSolution
		SolutionGuid = {09317BEE-78FA-4937-BF77-49C7C9A921D6}
	EndGlobalSection
EndGlobal
